
Microsoft Visual Studio Solution File, Format Version 12.00
# Visual Studio Version 17
VisualStudioVersion = 17.9.34728.123
MinimumVisualStudioVersion = 10.0.40219.1
Project("{9A19103F-16F7-4668-BE54-9A1E7A4F7556}") = "Core", "Core\Core.csproj", "{E32A073F-13C4-4846-B651-04C96EB8465E}"
EndProject
Project("{9A19103F-16F7-4668-BE54-9A1E7A4F7556}") = "AwesomeCompilerConsole", "AwesomeCompilerConsole\AwesomeCompilerConsole.csproj", "{DE2C93F9-0C48-4F77-8F98-EF16F9987B08}"
EndProject
Project("{FAE04EC0-301F-11D3-BF4B-00C04F79EFBC}") = "AwesomeCompilerTests", "AwesomeCompilerTests\AwesomeCompilerTests.csproj", "{AA14EC9F-EE65-4C59-AC20-B88083B6D22B}"
EndProject
Global
	GlobalSection(SolutionConfigurationPlatforms) = preSolution
		Debug|Any CPU = Debug|Any CPU
		Release|Any CPU = Release|Any CPU
	EndGlobalSection
	GlobalSection(ProjectConfigurationPlatforms) = postSolution
		{E32A073F-13C4-4846-B651-04C96EB8465E}.Debug|Any CPU.ActiveCfg = Debug|Any CPU
		{E32A073F-13C4-4846-B651-04C96EB8465E}.Debug|Any CPU.Build.0 = Debug|Any CPU
		{E32A073F-13C4-4846-B651-04C96EB8465E}.Release|Any CPU.ActiveCfg = Release|Any CPU
		{E32A073F-13C4-4846-B651-04C96EB8465E}.Release|Any CPU.Build.0 = Release|Any CPU
		{DE2C93F9-0C48-4F77-8F98-EF16F9987B08}.Debug|Any CPU.ActiveCfg = Debug|Any CPU
		{DE2C93F9-0C48-4F77-8F98-EF16F9987B08}.Debug|Any CPU.Build.0 = Debug|Any CPU
		{DE2C93F9-0C48-4F77-8F98-EF16F9987B08}.Release|Any CPU.ActiveCfg = Release|Any CPU
		{DE2C93F9-0C48-4F77-8F98-EF16F9987B08}.Release|Any CPU.Build.0 = Release|Any CPU
		{AA14EC9F-EE65-4C59-AC20-B88083B6D22B}.Debug|Any CPU.ActiveCfg = Debug|Any CPU
		{AA14EC9F-EE65-4C59-AC20-B88083B6D22B}.Debug|Any CPU.Build.0 = Debug|Any CPU
		{AA14EC9F-EE65-4C59-AC20-B88083B6D22B}.Release|Any CPU.ActiveCfg = Release|Any CPU
		{AA14EC9F-EE65-4C59-AC20-B88083B6D22B}.Release|Any CPU.Build.0 = Release|Any CPU
	EndGlobalSection
	GlobalSection(SolutionProperties) = preSolution
		HideSolutionNode = FALSE
	EndGlobalSection
	GlobalSection(ExtensibilityGlobals) = postSolution
		SolutionGuid = {59CDF92D-25BC-48A3-BB6E-B4127849A2AC}
	EndGlobalSection
EndGlobal
